// !$*UTF8*$!
{
	archiveVersion = 1;
	classes = {
	};
	objectVersion = 56;
	objects = {

/* Begin PBXBuildFile section */
		38DBEFBF2B162922009AD073 /* AppDelegate.swift in Sources */ = {isa = PBXBuildFile; fileRef = 38DBEFBE2B162922009AD073 /* AppDelegate.swift */; };
		38DBEFC12B162922009AD073 /* SceneDelegate.swift in Sources */ = {isa = PBXBuildFile; fileRef = 38DBEFC02B162922009AD073 /* SceneDelegate.swift */; };
		38DBEFC32B162922009AD073 /* ViewController.swift in Sources */ = {isa = PBXBuildFile; fileRef = 38DBEFC22B162922009AD073 /* ViewController.swift */; };
		38DBEFC62B162922009AD073 /* Main.storyboard in Resources */ = {isa = PBXBuildFile; fileRef = 38DBEFC42B162922009AD073 /* Main.storyboard */; };
		38DBEFC82B162924009AD073 /* Assets.xcassets in Resources */ = {isa = PBXBuildFile; fileRef = 38DBEFC72B162924009AD073 /* Assets.xcassets */; };
		38DBEFCB2B162924009AD073 /* LaunchScreen.storyboard in Resources */ = {isa = PBXBuildFile; fileRef = 38DBEFC92B162924009AD073 /* LaunchScreen.storyboard */; };
		38DBEFD62B162924009AD073 /* ios_mapkitTests.swift in Sources */ = {isa = PBXBuildFile; fileRef = 38DBEFD52B162924009AD073 /* ios_mapkitTests.swift */; };
		38DBEFE02B162924009AD073 /* ios_mapkitUITests.swift in Sources */ = {isa = PBXBuildFile; fileRef = 38DBEFDF2B162924009AD073 /* ios_mapkitUITests.swift */; };
		38DBEFE22B162924009AD073 /* ios_mapkitUITestsLaunchTests.swift in Sources */ = {isa = PBXBuildFile; fileRef = 38DBEFE12B162924009AD073 /* ios_mapkitUITestsLaunchTests.swift */; };
		38DC58D22B2267BC00563354 /* ScavengerHunts.swift in Sources */ = {isa = PBXBuildFile; fileRef = 38DC58D12B2267BC00563354 /* ScavengerHunts.swift */; };
		38DC58D42B22D91D00563354 /* HuntTableViewController.swift in Sources */ = {isa = PBXBuildFile; fileRef = 38DC58D32B22D91D00563354 /* HuntTableViewController.swift */; };
		38DC58DC2B24F94C00563354 /* ScavengerHuntButton.swift in Sources */ = {isa = PBXBuildFile; fileRef = 38DC58DB2B24F94C00563354 /* ScavengerHuntButton.swift */; };
/* End PBXBuildFile section */

/* Begin PBXContainerItemProxy section */
		38DBEFD22B162924009AD073 /* PBXContainerItemProxy */ = {
			isa = PBXContainerItemProxy;
			containerPortal = 38DBEFB32B162922009AD073 /* Project object */;
			proxyType = 1;
			remoteGlobalIDString = 38DBEFBA2B162922009AD073;
			remoteInfo = "ios-mapkit";
		};
		38DBEFDC2B162924009AD073 /* PBXContainerItemProxy */ = {
			isa = PBXContainerItemProxy;
			containerPortal = 38DBEFB32B162922009AD073 /* Project object */;
			proxyType = 1;
			remoteGlobalIDString = 38DBEFBA2B162922009AD073;
			remoteInfo = "ios-mapkit";
		};
/* End PBXContainerItemProxy section */

/* Begin PBXFileReference section */
		38DBEFBB2B162922009AD073 /* ios-mapkit.app */ = {isa = PBXFileReference; explicitFileType = wrapper.application; includeInIndex = 0; path = "ios-mapkit.app"; sourceTree = BUILT_PRODUCTS_DIR; };
		38DBEFBE2B162922009AD073 /* AppDelegate.swift */ = {isa = PBXFileReference; lastKnownFileType = sourcecode.swift; path = AppDelegate.swift; sourceTree = "<group>"; };
		38DBEFC02B162922009AD073 /* SceneDelegate.swift */ = {isa = PBXFileReference; lastKnownFileType = sourcecode.swift; path = SceneDelegate.swift; sourceTree = "<group>"; };
		38DBEFC22B162922009AD073 /* ViewController.swift */ = {isa = PBXFileReference; lastKnownFileType = sourcecode.swift; path = ViewController.swift; sourceTree = "<group>"; };
		38DBEFC52B162922009AD073 /* Base */ = {isa = PBXFileReference; lastKnownFileType = file.storyboard; name = Base; path = Base.lproj/Main.storyboard; sourceTree = "<group>"; };
		38DBEFC72B162924009AD073 /* Assets.xcassets */ = {isa = PBXFileReference; lastKnownFileType = folder.assetcatalog; path = Assets.xcassets; sourceTree = "<group>"; };
		38DBEFCA2B162924009AD073 /* Base */ = {isa = PBXFileReference; lastKnownFileType = file.storyboard; name = Base; path = Base.lproj/LaunchScreen.storyboard; sourceTree = "<group>"; };
		38DBEFCC2B162924009AD073 /* Info.plist */ = {isa = PBXFileReference; lastKnownFileType = text.plist.xml; path = Info.plist; sourceTree = "<group>"; };
		38DBEFD12B162924009AD073 /* ios-mapkitTests.xctest */ = {isa = PBXFileReference; explicitFileType = wrapper.cfbundle; includeInIndex = 0; path = "ios-mapkitTests.xctest"; sourceTree = BUILT_PRODUCTS_DIR; };
		38DBEFD52B162924009AD073 /* ios_mapkitTests.swift */ = {isa = PBXFileReference; lastKnownFileType = sourcecode.swift; path = ios_mapkitTests.swift; sourceTree = "<group>"; };
		38DBEFDB2B162924009AD073 /* ios-mapkitUITests.xctest */ = {isa = PBXFileReference; explicitFileType = wrapper.cfbundle; includeInIndex = 0; path = "ios-mapkitUITests.xctest"; sourceTree = BUILT_PRODUCTS_DIR; };
		38DBEFDF2B162924009AD073 /* ios_mapkitUITests.swift */ = {isa = PBXFileReference; lastKnownFileType = sourcecode.swift; path = ios_mapkitUITests.swift; sourceTree = "<group>"; };
		38DBEFE12B162924009AD073 /* ios_mapkitUITestsLaunchTests.swift */ = {isa = PBXFileReference; lastKnownFileType = sourcecode.swift; path = ios_mapkitUITestsLaunchTests.swift; sourceTree = "<group>"; };
		38DC58D12B2267BC00563354 /* ScavengerHunts.swift */ = {isa = PBXFileReference; lastKnownFileType = sourcecode.swift; path = ScavengerHunts.swift; sourceTree = "<group>"; };
		38DC58D32B22D91D00563354 /* HuntTableViewController.swift */ = {isa = PBXFileReference; lastKnownFileType = sourcecode.swift; path = HuntTableViewController.swift; sourceTree = "<group>"; };
		38DC58DB2B24F94C00563354 /* ScavengerHuntButton.swift */ = {isa = PBXFileReference; lastKnownFileType = sourcecode.swift; path = ScavengerHuntButton.swift; sourceTree = "<group>"; };
/* End PBXFileReference section */

/* Begin PBXFrameworksBuildPhase section */
		38DBEFB82B162922009AD073 /* Frameworks */ = {
			isa = PBXFrameworksBuildPhase;
			buildActionMask = 2147483647;
			files = (
			);
			runOnlyForDeploymentPostprocessing = 0;
		};
		38DBEFCE2B162924009AD073 /* Frameworks */ = {
			isa = PBXFrameworksBuildPhase;
			buildActionMask = 2147483647;
			files = (
			);
			runOnlyForDeploymentPostprocessing = 0;
		};
		38DBEFD82B162924009AD073 /* Frameworks */ = {
			isa = PBXFrameworksBuildPhase;
			buildActionMask = 2147483647;
			files = (
			);
			runOnlyForDeploymentPostprocessing = 0;
		};
/* End PBXFrameworksBuildPhase section */

/* Begin PBXGroup section */
		38DBEFB22B162922009AD073 = {
			isa = PBXGroup;
			children = (
				38DBEFBD2B162922009AD073 /* ios-mapkit */,
				38DBEFD42B162924009AD073 /* ios-mapkitTests */,
				38DBEFDE2B162924009AD073 /* ios-mapkitUITests */,
				38DBEFBC2B162922009AD073 /* Products */,
			);
			sourceTree = "<group>";
		};
		38DBEFBC2B162922009AD073 /* Products */ = {
			isa = PBXGroup;
			children = (
				38DBEFBB2B162922009AD073 /* ios-mapkit.app */,
				38DBEFD12B162924009AD073 /* ios-mapkitTests.xctest */,
				38DBEFDB2B162924009AD073 /* ios-mapkitUITests.xctest */,
			);
			name = Products;
			sourceTree = "<group>";
		};
		38DBEFBD2B162922009AD073 /* ios-mapkit */ = {
			isa = PBXGroup;
			children = (
				38DBEFBE2B162922009AD073 /* AppDelegate.swift */,
				38DBEFC02B162922009AD073 /* SceneDelegate.swift */,
				38DBEFC22B162922009AD073 /* ViewController.swift */,
				38DBEFC42B162922009AD073 /* Main.storyboard */,
				38DBEFC72B162924009AD073 /* Assets.xcassets */,
				38DBEFC92B162924009AD073 /* LaunchScreen.storyboard */,
				38DBEFCC2B162924009AD073 /* Info.plist */,
				38DC58D32B22D91D00563354 /* HuntTableViewController.swift */,
				38DC58D12B2267BC00563354 /* ScavengerHunts.swift */,
				38DC58DB2B24F94C00563354 /* ScavengerHuntButton.swift */,
			);
			path = "ios-mapkit";
			sourceTree = "<group>";
		};
		38DBEFD42B162924009AD073 /* ios-mapkitTests */ = {
			isa = PBXGroup;
			children = (
				38DBEFD52B162924009AD073 /* ios_mapkitTests.swift */,
			);
			path = "ios-mapkitTests";
			sourceTree = "<group>";
		};
		38DBEFDE2B162924009AD073 /* ios-mapkitUITests */ = {
			isa = PBXGroup;
			children = (
				38DBEFDF2B162924009AD073 /* ios_mapkitUITests.swift */,
				38DBEFE12B162924009AD073 /* ios_mapkitUITestsLaunchTests.swift */,
			);
			path = "ios-mapkitUITests";
			sourceTree = "<group>";
		};
/* End PBXGroup section */

/* Begin PBXNativeTarget section */
		38DBEFBA2B162922009AD073 /* ios-mapkit */ = {
			isa = PBXNativeTarget;
			buildConfigurationList = 38DBEFE52B162924009AD073 /* Build configuration list for PBXNativeTarget "ios-mapkit" */;
			buildPhases = (
				38DBEFB72B162922009AD073 /* Sources */,
				38DBEFB82B162922009AD073 /* Frameworks */,
				38DBEFB92B162922009AD073 /* Resources */,
			);
			buildRules = (
			);
			dependencies = (
			);
			name = "ios-mapkit";
			productName = "ios-mapkit";
			productReference = 38DBEFBB2B162922009AD073 /* ios-mapkit.app */;
			productType = "com.apple.product-type.application";
		};
		38DBEFD02B162924009AD073 /* ios-mapkitTests */ = {
			isa = PBXNativeTarget;
			buildConfigurationList = 38DBEFE82B162924009AD073 /* Build configuration list for PBXNativeTarget "ios-mapkitTests" */;
			buildPhases = (
				38DBEFCD2B162924009AD073 /* Sources */,
				38DBEFCE2B162924009AD073 /* Frameworks */,
				38DBEFCF2B162924009AD073 /* Resources */,
			);
			buildRules = (
			);
			dependencies = (
				38DBEFD32B162924009AD073 /* PBXTargetDependency */,
			);
			name = "ios-mapkitTests";
			productName = "ios-mapkitTests";
			productReference = 38DBEFD12B162924009AD073 /* ios-mapkitTests.xctest */;
			productType = "com.apple.product-type.bundle.unit-test";
		};
		38DBEFDA2B162924009AD073 /* ios-mapkitUITests */ = {
			isa = PBXNativeTarget;
			buildConfigurationList = 38DBEFEB2B162924009AD073 /* Build configuration list for PBXNativeTarget "ios-mapkitUITests" */;
			buildPhases = (
				38DBEFD72B162924009AD073 /* Sources */,
				38DBEFD82B162924009AD073 /* Frameworks */,
				38DBEFD92B162924009AD073 /* Resources */,
			);
			buildRules = (
			);
			dependencies = (
				38DBEFDD2B162924009AD073 /* PBXTargetDependency */,
			);
			name = "ios-mapkitUITests";
			productName = "ios-mapkitUITests";
			productReference = 38DBEFDB2B162924009AD073 /* ios-mapkitUITests.xctest */;
			productType = "com.apple.product-type.bundle.ui-testing";
		};
/* End PBXNativeTarget section */

/* Begin PBXProject section */
		38DBEFB32B162922009AD073 /* Project object */ = {
			isa = PBXProject;
			attributes = {
				BuildIndependentTargetsInParallel = 1;
				LastSwiftUpdateCheck = 1500;
				LastUpgradeCheck = 1500;
				TargetAttributes = {
					38DBEFBA2B162922009AD073 = {
						CreatedOnToolsVersion = 15.0.1;
					};
					38DBEFD02B162924009AD073 = {
						CreatedOnToolsVersion = 15.0.1;
						TestTargetID = 38DBEFBA2B162922009AD073;
					};
					38DBEFDA2B162924009AD073 = {
						CreatedOnToolsVersion = 15.0.1;
						TestTargetID = 38DBEFBA2B162922009AD073;
					};
				};
			};
			buildConfigurationList = 38DBEFB62B162922009AD073 /* Build configuration list for PBXProject "ios-mapkit" */;
			compatibilityVersion = "Xcode 14.0";
			developmentRegion = en;
			hasScannedForEncodings = 0;
			knownRegions = (
				en,
				Base,
			);
			mainGroup = 38DBEFB22B162922009AD073;
			productRefGroup = 38DBEFBC2B162922009AD073 /* Products */;
			projectDirPath = "";
			projectRoot = "";
			targets = (
				38DBEFBA2B162922009AD073 /* ios-mapkit */,
				38DBEFD02B162924009AD073 /* ios-mapkitTests */,
				38DBEFDA2B162924009AD073 /* ios-mapkitUITests */,
			);
		};
/* End PBXProject section */

/* Begin PBXResourcesBuildPhase section */
		38DBEFB92B162922009AD073 /* Resources */ = {
			isa = PBXResourcesBuildPhase;
			buildActionMask = 2147483647;
			files = (
				38DBEFCB2B162924009AD073 /* LaunchScreen.storyboard in Resources */,
				38DBEFC82B162924009AD073 /* Assets.xcassets in Resources */,
				38DBEFC62B162922009AD073 /* Main.storyboard in Resources */,
			);
			runOnlyForDeploymentPostprocessing = 0;
		};
		38DBEFCF2B162924009AD073 /* Resources */ = {
			isa = PBXResourcesBuildPhase;
			buildActionMask = 2147483647;
			files = (
			);
			runOnlyForDeploymentPostprocessing = 0;
		};
		38DBEFD92B162924009AD073 /* Resources */ = {
			isa = PBXResourcesBuildPhase;
			buildActionMask = 2147483647;
			files = (
			);
			runOnlyForDeploymentPostprocessing = 0;
		};
/* End PBXResourcesBuildPhase section */

/* Begin PBXSourcesBuildPhase section */
		38DBEFB72B162922009AD073 /* Sources */ = {
			isa = PBXSourcesBuildPhase;
			buildActionMask = 2147483647;
			files = (
				38DC58D42B22D91D00563354 /* HuntTableViewController.swift in Sources */,
				38DC58DC2B24F94C00563354 /* ScavengerHuntButton.swift in Sources */,
				38DC58D22B2267BC00563354 /* ScavengerHunts.swift in Sources */,
				38DBEFC32B162922009AD073 /* ViewController.swift in Sources */,
				38DBEFBF2B162922009AD073 /* AppDelegate.swift in Sources */,
				38DBEFC12B162922009AD073 /* SceneDelegate.swift in Sources */,
			);
			runOnlyForDeploymentPostprocessing = 0;
		};
		38DBEFCD2B162924009AD073 /* Sources */ = {
			isa = PBXSourcesBuildPhase;
			buildActionMask = 2147483647;
			files = (
				38DBEFD62B162924009AD073 /* ios_mapkitTests.swift in Sources */,
			);
			runOnlyForDeploymentPostprocessing = 0;
		};
		38DBEFD72B162924009AD073 /* Sources */ = {
			isa = PBXSourcesBuildPhase;
			buildActionMask = 2147483647;
			files = (
				38DBEFE22B162924009AD073 /* ios_mapkitUITestsLaunchTests.swift in Sources */,
				38DBEFE02B162924009AD073 /* ios_mapkitUITests.swift in Sources */,
			);
			runOnlyForDeploymentPostprocessing = 0;
		};
/* End PBXSourcesBuildPhase section */

/* Begin PBXTargetDependency section */
		38DBEFD32B162924009AD073 /* PBXTargetDependency */ = {
			isa = PBXTargetDependency;
			target = 38DBEFBA2B162922009AD073 /* ios-mapkit */;
			targetProxy = 38DBEFD22B162924009AD073 /* PBXContainerItemProxy */;
		};
		38DBEFDD2B162924009AD073 /* PBXTargetDependency */ = {
			isa = PBXTargetDependency;
			target = 38DBEFBA2B162922009AD073 /* ios-mapkit */;
			targetProxy = 38DBEFDC2B162924009AD073 /* PBXContainerItemProxy */;
		};
/* End PBXTargetDependency section */

/* Begin PBXVariantGroup section */
		38DBEFC42B162922009AD073 /* Main.storyboard */ = {
			isa = PBXVariantGroup;
			children = (
				38DBEFC52B162922009AD073 /* Base */,
			);
			name = Main.storyboard;
			sourceTree = "<group>";
		};
		38DBEFC92B162924009AD073 /* LaunchScreen.storyboard */ = {
			isa = PBXVariantGroup;
			children = (
				38DBEFCA2B162924009AD073 /* Base */,
			);
			name = LaunchScreen.storyboard;
			sourceTree = "<group>";
		};
/* End PBXVariantGroup section */

/* Begin XCBuildConfiguration section */
		38DBEFE32B162924009AD073 /* Debug */ = {
			isa = XCBuildConfiguration;
			buildSettings = {
				ALWAYS_SEARCH_USER_PATHS = NO;
				ASSETCATALOG_COMPILER_GENERATE_SWIFT_ASSET_SYMBOL_EXTENSIONS = YES;
				CLANG_ANALYZER_NONNULL = YES;
				CLANG_ANALYZER_NUMBER_OBJECT_CONVERSION = YES_AGGRESSIVE;
				CLANG_CXX_LANGUAGE_STANDARD = "gnu++20";
				CLANG_ENABLE_MODULES = YES;
				CLANG_ENABLE_OBJC_ARC = YES;
				CLANG_ENABLE_OBJC_WEAK = YES;
				CLANG_WARN_BLOCK_CAPTURE_AUTORELEASING = YES;
				CLANG_WARN_BOOL_CONVERSION = YES;
				CLANG_WARN_COMMA = YES;
				CLANG_WARN_CONSTANT_CONVERSION = YES;
				CLANG_WARN_DEPRECATED_OBJC_IMPLEMENTATIONS = YES;
				CLANG_WARN_DIRECT_OBJC_ISA_USAGE = YES_ERROR;
				CLANG_WARN_DOCUMENTATION_COMMENTS = YES;
				CLANG_WARN_EMPTY_BODY = YES;
				CLANG_WARN_ENUM_CONVERSION = YES;
				CLANG_WARN_INFINITE_RECURSION = YES;
				CLANG_WARN_INT_CONVERSION = YES;
				CLANG_WARN_NON_LITERAL_NULL_CONVERSION = YES;
				CLANG_WARN_OBJC_IMPLICIT_RETAIN_SELF = YES;
				CLANG_WARN_OBJC_LITERAL_CONVERSION = YES;
				CLANG_WARN_OBJC_ROOT_CLASS = YES_ERROR;
				CLANG_WARN_QUOTED_INCLUDE_IN_FRAMEWORK_HEADER = YES;
				CLANG_WARN_RANGE_LOOP_ANALYSIS = YES;
				CLANG_WARN_STRICT_PROTOTYPES = YES;
				CLANG_WARN_SUSPICIOUS_MOVE = YES;
				CLANG_WARN_UNGUARDED_AVAILABILITY = YES_AGGRESSIVE;
				CLANG_WARN_UNREACHABLE_CODE = YES;
				CLANG_WARN__DUPLICATE_METHOD_MATCH = YES;
				COPY_PHASE_STRIP = NO;
				DEBUG_INFORMATION_FORMAT = dwarf;
				ENABLE_STRICT_OBJC_MSGSEND = YES;
				ENABLE_TESTABILITY = YES;
				ENABLE_USER_SCRIPT_SANDBOXING = YES;
				GCC_C_LANGUAGE_STANDARD = gnu17;
				GCC_DYNAMIC_NO_PIC = NO;
				GCC_NO_COMMON_BLOCKS = YES;
				GCC_OPTIMIZATION_LEVEL = 0;
				GCC_PREPROCESSOR_DEFINITIONS = (
					"DEBUG=1",
					"$(inherited)",
				);
				GCC_WARN_64_TO_32_BIT_CONVERSION = YES;
				GCC_WARN_ABOUT_RETURN_TYPE = YES_ERROR;
				GCC_WARN_UNDECLARED_SELECTOR = YES;
				GCC_WARN_UNINITIALIZED_AUTOS = YES_AGGRESSIVE;
				GCC_WARN_UNUSED_FUNCTION = YES;
				GCC_WARN_UNUSED_VARIABLE = YES;
				IPHONEOS_DEPLOYMENT_TARGET = 17.0;
				LOCALIZATION_PREFERS_STRING_CATALOGS = YES;
				MTL_ENABLE_DEBUG_INFO = INCLUDE_SOURCE;
				MTL_FAST_MATH = YES;
				ONLY_ACTIVE_ARCH = YES;
				SDKROOT = iphoneos;
				SWIFT_ACTIVE_COMPILATION_CONDITIONS = "DEBUG $(inherited)";
				SWIFT_OPTIMIZATION_LEVEL = "-Onone";
			};
			name = Debug;
		};
		38DBEFE42B162924009AD073 /* Release */ = {
			isa = XCBuildConfiguration;
			buildSettings = {
				ALWAYS_SEARCH_USER_PATHS = NO;
				ASSETCATALOG_COMPILER_GENERATE_SWIFT_ASSET_SYMBOL_EXTENSIONS = YES;
				CLANG_ANALYZER_NONNULL = YES;
				CLANG_ANALYZER_NUMBER_OBJECT_CONVERSION = YES_AGGRESSIVE;
				CLANG_CXX_LANGUAGE_STANDARD = "gnu++20";
				CLANG_ENABLE_MODULES = YES;
				CLANG_ENABLE_OBJC_ARC = YES;
				CLANG_ENABLE_OBJC_WEAK = YES;
				CLANG_WARN_BLOCK_CAPTURE_AUTORELEASING = YES;
				CLANG_WARN_BOOL_CONVERSION = YES;
				CLANG_WARN_COMMA = YES;
				CLANG_WARN_CONSTANT_CONVERSION = YES;
				CLANG_WARN_DEPRECATED_OBJC_IMPLEMENTATIONS = YES;
				CLANG_WARN_DIRECT_OBJC_ISA_USAGE = YES_ERROR;
				CLANG_WARN_DOCUMENTATION_COMMENTS = YES;
				CLANG_WARN_EMPTY_BODY = YES;
				CLANG_WARN_ENUM_CONVERSION = YES;
				CLANG_WARN_INFINITE_RECURSION = YES;
				CLANG_WARN_INT_CONVERSION = YES;
				CLANG_WARN_NON_LITERAL_NULL_CONVERSION = YES;
				CLANG_WARN_OBJC_IMPLICIT_RETAIN_SELF = YES;
				CLANG_WARN_OBJC_LITERAL_CONVERSION = YES;
				CLANG_WARN_OBJC_ROOT_CLASS = YES_ERROR;
				CLANG_WARN_QUOTED_INCLUDE_IN_FRAMEWORK_HEADER = YES;
				CLANG_WARN_RANGE_LOOP_ANALYSIS = YES;
				CLANG_WARN_STRICT_PROTOTYPES = YES;
				CLANG_WARN_SUSPICIOUS_MOVE = YES;
				CLANG_WARN_UNGUARDED_AVAILABILITY = YES_AGGRESSIVE;
				CLANG_WARN_UNREACHABLE_CODE = YES;
				CLANG_WARN__DUPLICATE_METHOD_MATCH = YES;
				COPY_PHASE_STRIP = NO;
				DEBUG_INFORMATION_FORMAT = "dwarf-with-dsym";
				ENABLE_NS_ASSERTIONS = NO;
				ENABLE_STRICT_OBJC_MSGSEND = YES;
				ENABLE_USER_SCRIPT_SANDBOXING = YES;
				GCC_C_LANGUAGE_STANDARD = gnu17;
				GCC_NO_COMMON_BLOCKS = YES;
				GCC_WARN_64_TO_32_BIT_CONVERSION = YES;
				GCC_WARN_ABOUT_RETURN_TYPE = YES_ERROR;
				GCC_WARN_UNDECLARED_SELECTOR = YES;
				GCC_WARN_UNINITIALIZED_AUTOS = YES_AGGRESSIVE;
				GCC_WARN_UNUSED_FUNCTION = YES;
				GCC_WARN_UNUSED_VARIABLE = YES;
				IPHONEOS_DEPLOYMENT_TARGET = 17.0;
				LOCALIZATION_PREFERS_STRING_CATALOGS = YES;
				MTL_ENABLE_DEBUG_INFO = NO;
				MTL_FAST_MATH = YES;
				SDKROOT = iphoneos;
				SWIFT_COMPILATION_MODE = wholemodule;
				VALIDATE_PRODUCT = YES;
			};
			name = Release;
		};
		38DBEFE62B162924009AD073 /* Debug */ = {
			isa = XCBuildConfiguration;
			buildSettings = {
				ASSETCATALOG_COMPILER_APPICON_NAME = AppIcon;
				ASSETCATALOG_COMPILER_GLOBAL_ACCENT_COLOR_NAME = AccentColor;
				CODE_SIGN_STYLE = Automatic;
				CURRENT_PROJECT_VERSION = 1;
				GENERATE_INFOPLIST_FILE = YES;
				INFOPLIST_FILE = "ios-mapkit/Info.plist";
				INFOPLIST_KEY_UIApplicationSupportsIndirectInputEvents = YES;
				INFOPLIST_KEY_UILaunchStoryboardName = LaunchScreen;
				INFOPLIST_KEY_UIMainStoryboardFile = Main;
				INFOPLIST_KEY_UISupportedInterfaceOrientations_iPad = "UIInterfaceOrientationPortrait UIInterfaceOrientationPortraitUpsideDown UIInterfaceOrientationLandscapeLeft UIInterfaceOrientationLandscapeRight";
				INFOPLIST_KEY_UISupportedInterfaceOrientations_iPhone = "UIInterfaceOrientationPortrait UIInterfaceOrientationLandscapeLeft UIInterfaceOrientationLandscapeRight";
				LD_RUNPATH_SEARCH_PATHS = (
					"$(inherited)",
					"@executable_path/Frameworks",
				);
				MARKETING_VERSION = 1.0;
				PRODUCT_BUNDLE_IDENTIFIER = "edu.gvsu.cis.ios-mapkit";
				PRODUCT_NAME = "$(TARGET_NAME)";
				SWIFT_EMIT_LOC_STRINGS = YES;
				SWIFT_VERSION = 5.0;
				TARGETED_DEVICE_FAMILY = "1,2";
			};
			name = Debug;
		};
		38DBEFE72B162924009AD073 /* Release */ = {
			isa = XCBuildConfiguration;
			buildSettings = {
				ASSETCATALOG_COMPILER_APPICON_NAME = AppIcon;
				ASSETCATALOG_COMPILER_GLOBAL_ACCENT_COLOR_NAME = AccentColor;
				CODE_SIGN_STYLE = Automatic;
				CURRENT_PROJECT_VERSION = 1;
				GENERATE_INFOPLIST_FILE = YES;
				INFOPLIST_FILE = "ios-mapkit/Info.plist";
				INFOPLIST_KEY_UIApplicationSupportsIndirectInputEvents = YES;
				INFOPLIST_KEY_UILaunchStoryboardName = LaunchScreen;
				INFOPLIST_KEY_UIMainStoryboardFile = Main;
				INFOPLIST_KEY_UISupportedInterfaceOrientations_iPad = "UIInterfaceOrientationPortrait UIInterfaceOrientationPortraitUpsideDown UIInterfaceOrientationLandscapeLeft UIInterfaceOrientationLandscapeRight";
				INFOPLIST_KEY_UISupportedInterfaceOrientations_iPhone = "UIInterfaceOrientationPortrait UIInterfaceOrientationLandscapeLeft UIInterfaceOrientationLandscapeRight";
				LD_RUNPATH_SEARCH_PATHS = (
					"$(inherited)",
					"@executable_path/Frameworks",
				);
				MARKETING_VERSION = 1.0;
				PRODUCT_BUNDLE_IDENTIFIER = "edu.gvsu.cis.ios-mapkit";
				PRODUCT_NAME = "$(TARGET_NAME)";
				SWIFT_EMIT_LOC_STRINGS = YES;
				SWIFT_VERSION = 5.0;
				TARGETED_DEVICE_FAMILY = "1,2";
			};
			name = Release;
		};
		38DBEFE92B162924009AD073 /* Debug */ = {
			isa = XCBuildConfiguration;
			buildSettings = {
				ALWAYS_EMBED_SWIFT_STANDARD_LIBRARIES = YES;
				BUNDLE_LOADER = "$(TEST_HOST)";
				CODE_SIGN_STYLE = Automatic;
				CURRENT_PROJECT_VERSION = 1;
				GENERATE_INFOPLIST_FILE = YES;
				IPHONEOS_DEPLOYMENT_TARGET = 17.0;
				MARKETING_VERSION = 1.0;
				PRODUCT_BUNDLE_IDENTIFIER = "edu.gvsu.cis.ios-mapkitTests";
				PRODUCT_NAME = "$(TARGET_NAME)";
				SWIFT_EMIT_LOC_STRINGS = NO;
				SWIFT_VERSION = 5.0;
				TARGETED_DEVICE_FAMILY = "1,2";
				TEST_HOST = "$(BUILT_PRODUCTS_DIR)/ios-mapkit.app/$(BUNDLE_EXECUTABLE_FOLDER_PATH)/ios-mapkit";
			};
			name = Debug;
		};
		38DBEFEA2B162924009AD073 /* Release */ = {
			isa = XCBuildConfiguration;
			buildSettings = {
				ALWAYS_EMBED_SWIFT_STANDARD_LIBRARIES = YES;
				BUNDLE_LOADER = "$(TEST_HOST)";
				CODE_SIGN_STYLE = Automatic;
				CURRENT_PROJECT_VERSION = 1;
				GENERATE_INFOPLIST_FILE = YES;
				IPHONEOS_DEPLOYMENT_TARGET = 17.0;
				MARKETING_VERSION = 1.0;
				PRODUCT_BUNDLE_IDENTIFIER = "edu.gvsu.cis.ios-mapkitTests";
				PRODUCT_NAME = "$(TARGET_NAME)";
				SWIFT_EMIT_LOC_STRINGS = NO;
				SWIFT_VERSION = 5.0;
				TARGETED_DEVICE_FAMILY = "1,2";
				TEST_HOST = "$(BUILT_PRODUCTS_DIR)/ios-mapkit.app/$(BUNDLE_EXECUTABLE_FOLDER_PATH)/ios-mapkit";
			};
			name = Release;
		};
		38DBEFEC2B162924009AD073 /* Debug */ = {
			isa = XCBuildConfiguration;
			buildSettings = {
				ALWAYS_EMBED_SWIFT_STANDARD_LIBRARIES = YES;
				CODE_SIGN_STYLE = Automatic;
				CURRENT_PROJECT_VERSION = 1;
				GENERATE_INFOPLIST_FILE = YES;
				MARKETING_VERSION = 1.0;
				PRODUCT_BUNDLE_IDENTIFIER = "edu.gvsu.cis.ios-mapkitUITests";
				PRODUCT_NAME = "$(TARGET_NAME)";
				SWIFT_EMIT_LOC_STRINGS = NO;
				SWIFT_VERSION = 5.0;
				TARGETED_DEVICE_FAMILY = "1,2";
				TEST_TARGET_NAME = "ios-mapkit";
			};
			name = Debug;
		};
		38DBEFED2B162924009AD073 /* Release */ = {
			isa = XCBuildConfiguration;
			buildSettings = {
				ALWAYS_EMBED_SWIFT_STANDARD_LIBRARIES = YES;
				CODE_SIGN_STYLE = Automatic;
				CURRENT_PROJECT_VERSION = 1;
				GENERATE_INFOPLIST_FILE = YES;
				MARKETING_VERSION = 1.0;
				PRODUCT_BUNDLE_IDENTIFIER = "edu.gvsu.cis.ios-mapkitUITests";
				PRODUCT_NAME = "$(TARGET_NAME)";
				SWIFT_EMIT_LOC_STRINGS = NO;
				SWIFT_VERSION = 5.0;
				TARGETED_DEVICE_FAMILY = "1,2";
				TEST_TARGET_NAME = "ios-mapkit";
			};
			name = Release;
		};
/* End XCBuildConfiguration section */

/* Begin XCConfigurationList section */
		38DBEFB62B162922009AD073 /* Build configuration list for PBXProject "ios-mapkit" */ = {
			isa = XCConfigurationList;
			buildConfigurations = (
				38DBEFE32B162924009AD073 /* Debug */,
				38DBEFE42B162924009AD073 /* Release */,
			);
			defaultConfigurationIsVisible = 0;
			defaultConfigurationName = Release;
		};
		38DBEFE52B162924009AD073 /* Build configuration list for PBXNativeTarget "ios-mapkit" */ = {
			isa = XCConfigurationList;
			buildConfigurations = (
				38DBEFE62B162924009AD073 /* Debug */,
				38DBEFE72B162924009AD073 /* Release */,
			);
			defaultConfigurationIsVisible = 0;
			defaultConfigurationName = Release;
		};
		38DBEFE82B162924009AD073 /* Build configuration list for PBXNativeTarget "ios-mapkitTests" */ = {
			isa = XCConfigurationList;
			buildConfigurations = (
				38DBEFE92B162924009AD073 /* Debug */,
				38DBEFEA2B162924009AD073 /* Release */,
			);
			defaultConfigurationIsVisible = 0;
			defaultConfigurationName = Release;
		};
		38DBEFEB2B162924009AD073 /* Build configuration list for PBXNativeTarget "ios-mapkitUITests" */ = {
			isa = XCConfigurationList;
			buildConfigurations = (
				38DBEFEC2B162924009AD073 /* Debug */,
				38DBEFED2B162924009AD073 /* Release */,
			);
			defaultConfigurationIsVisible = 0;
			defaultConfigurationName = Release;
		};
/* End XCConfigurationList section */
	};
	rootObject = 38DBEFB32B162922009AD073 /* Project object */;
}
